<?xml version="1.0" encoding="utf-8"?>
<Project ToolsVersion="18.0" xmlns="http://schemas.microsoft.com/developer/msbuild/2003">
  <ItemGroup>
    <ClCompile Include="C:\Users\rajes\Documents\GitHub\LiveStageAI-2\Desktop\Main.cpp">
      <Filter>Source Files</Filter>
    </ClCompile>
    <ClCompile Include="C:\Users\rajes\Documents\GitHub\LiveStageAI-2\Desktop\MainComponent.cpp">
      <Filter>Source Files</Filter>
    </ClCompile>
    <ClCompile Include="C:\Users\rajes\Documents\GitHub\LiveStageAI-2\Engine\SoundFontEngine.cpp">
      <Filter>Source Files</Filter>
    </ClCompile>
    <ClCompile Include="C:\Users\rajes\Documents\GitHub\LiveStageAI-2\JUCE\modules\juce_gui_extra\juce_gui_extra.cpp">
      <Filter>Source Files</Filter>
    </ClCompile>
    <ClCompile Include="C:\Users\rajes\Documents\GitHub\LiveStageAI-2\JUCE\modules\juce_gui_basics\juce_gui_basics.cpp">
      <Filter>Source Files</Filter>
    </ClCompile>
    <ClCompile Include="C:\Users\rajes\Documents\GitHub\LiveStageAI-2\JUCE\modules\juce_gui_basics\juce_gui_basics_2.cpp">
      <Filter>Source Files</Filter>
    </ClCompile>
    <ClCompile Include="C:\Users\rajes\Documents\GitHub\LiveStageAI-2\JUCE\modules\juce_gui_basics\juce_gui_basics_3.cpp">
      <Filter>Source Files</Filter>
    </ClCompile>
    <ClCompile Include="C:\Users\rajes\Documents\GitHub\LiveStageAI-2\JUCE\modules\juce_gui_basics\juce_gui_basics_4.cpp">
      <Filter>Source Files</Filter>
    </ClCompile>
    <ClCompile Include="C:\Users\rajes\Documents\GitHub\LiveStageAI-2\JUCE\modules\juce_gui_basics\juce_gui_basics_5.cpp">
      <Filter>Source Files</Filter>
    </ClCompile>
    <ClCompile Include="C:\Users\rajes\Documents\GitHub\LiveStageAI-2\JUCE\modules\juce_graphics\juce_graphics.cpp">
      <Filter>Source Files</Filter>
    </ClCompile>
    <ClCompile Include="C:\Users\rajes\Documents\GitHub\LiveStageAI-2\JUCE\modules\juce_graphics\juce_graphics_Harfbuzz.cpp">
      <Filter>Source Files</Filter>
    </ClCompile>
    <ClCompile Include="C:\Users\rajes\Documents\GitHub\LiveStageAI-2\JUCE\modules\juce_graphics\juce_graphics_Sheenbidi.c">
      <Filter>Source Files</Filter>
    </ClCompile>
    <ClCompile Include="C:\Users\rajes\Documents\GitHub\LiveStageAI-2\JUCE\modules\juce_events\juce_events.cpp">
      <Filter>Source Files</Filter>
    </ClCompile>
    <ClCompile Include="C:\Users\rajes\Documents\GitHub\LiveStageAI-2\JUCE\modules\juce_core\juce_core.cpp">
      <Filter>Source Files</Filter>
    </ClCompile>
    <ClCompile Include="C:\Users\rajes\Documents\GitHub\LiveStageAI-2\JUCE\modules\juce_core\juce_core_CompilationTime.cpp">
      <Filter>Source Files</Filter>
    </ClCompile>
    <ClCompile Include="C:\Users\rajes\Documents\GitHub\LiveStageAI-2\JUCE\modules\juce_data_structures\juce_data_structures.cpp">
      <Filter>Source Files</Filter>
    </ClCompile>
  </ItemGroup>
  <ItemGroup>
    <ClInclude Include="C:\Users\rajes\Documents\GitHub\LiveStageAI-2\Desktop\MainComponent.h">
      <Filter>Header Files</Filter>
    </ClInclude>
    <ClInclude Include="C:\Users\rajes\Documents\GitHub\LiveStageAI-2\Engine\SoundFontEngine.h">
      <Filter>Header Files</Filter>
    </ClInclude>
    <ClInclude Include="C:\Users\rajes\Documents\GitHub\LiveStageAI-2\BuildsNative\LiveStageAI_artefacts\JuceLibraryCode\JuceHeader.h">
      <Filter>Header Files</Filter>
    </ClInclude>
  </ItemGroup>
  <ItemGroup>
    <CustomBuild Include="C:\Users\rajes\Documents\GitHub\LiveStageAI-2\BuildsNative\CMakeFiles\da3f9bea3f90d10fea2aa4ccd2f68c22\JuceHeader.h.rule">
      <Filter>CMake Rules</Filter>
    </CustomBuild>
    <CustomBuild Include="C:\Users\rajes\Documents\GitHub\LiveStageAI-2\CMakeLists.txt" />
  </ItemGroup>
  <ItemGroup>
    <Object Include="C:\Users\rajes\Documents\GitHub\LiveStageAI-2\BuildsNative\LiveStageAI_rc_lib.dir\$(Configuration)\LiveStageAI_resources.res">
      <Filter>Object Libraries</Filter>
    </Object>
  </ItemGroup>
  <ItemGroup>
    <Filter Include="CMake Rules">
      <UniqueIdentifier>{91288294-874F-30DF-ACCA-25178CBC1A84}</UniqueIdentifier>
    </Filter>
    <Filter Include="Header Files">
      <UniqueIdentifier>{7DCABEF3-E992-3C4C-905E-7225B6A7EC8D}</UniqueIdentifier>
    </Filter>
    <Filter Include="Object Libraries">
      <UniqueIdentifier>{5D07B368-D2F8-3C88-BE93-75D426DA693D}</UniqueIdentifier>
    </Filter>
    <Filter Include="Source Files">
      <UniqueIdentifier>{9FEE07F0-C759-3C7C-BBD3-F8766F7008C5}</UniqueIdentifier>
    </Filter>
  </ItemGroup>
</Project>
