<?xml version="1.0" encoding="utf-8"?>
<Project ToolsVersion="18.0" xmlns="http://schemas.microsoft.com/developer/msbuild/2003">
  <ItemGroup>
    <CustomBuild Include="C:\Users\rajes\Documents\GitHub\LiveStageAI-2\BuildsNative\CMakeFiles\8cb8d11f725704b787facdbfcaff4203\generate.stamp.rule">
      <Filter>CMake Rules</Filter>
    </CustomBuild>
  </ItemGroup>
  <ItemGroup>
    <Filter Include="CMake Rules">
      <UniqueIdentifier>{91288294-874F-30DF-ACCA-25178CBC1A84}</UniqueIdentifier>
    </Filter>
  </ItemGroup>
</Project>
