<?xml version="1.0" encoding="UTF-8"?>
<Solution>
	<Configurations>
		<BuildType Name="Custom"/>
		<Platform Name="x64"/>
	</Configurations>
	<Project Path="extras/Build/juceaide/juceaide.vcxproj" Type="8bc9ceb8-8b4a-11d0-8d11-00a0c91bc942" Id="9a3559fd-62dc-3aea-aa26-441a040d7c9a">
		<BuildDependency Project="ZERO_CHECK.vcxproj"/>
	</Project>
	<Folder Name="/CMakePredefinedTargets/">
		<Project Path="ALL_BUILD.vcxproj" Type="8bc9ceb8-8b4a-11d0-8d11-00a0c91bc942" Id="9670a706-21ff-367a-870e-3369916f2dbf" DefaultStartup="true">
			<BuildDependency Project="ZERO_CHECK.vcxproj"/>
			<BuildDependency Project="extras/Build/juceaide/juceaide.vcxproj"/>
		</Project>
		<Project Path="INSTALL.vcxproj" Type="8bc9ceb8-8b4a-11d0-8d11-00a0c91bc942" Id="c58f6f5d-2137-3216-8e05-8d8141e40689">
			<BuildDependency Project="ALL_BUILD.vcxproj"/>
			<BuildDependency Project="ZERO_CHECK.vcxproj"/>
			<Build Solution="Custom|*" Project="false"/>
		</Project>
		<Project Path="ZERO_CHECK.vcxproj" Type="8bc9ceb8-8b4a-11d0-8d11-00a0c91bc942" Id="2f6de192-f10f-31ba-971a-69bf7c8bd341"/>
	</Folder>
</Solution>
